
Microsoft Visual Studio Solution File, Format Version 12.00
# Visual Studio Version 17
VisualStudioVersion = 17.1.32328.378
MinimumVisualStudioVersion = 10.0.40219.1
Project("{FAE04EC0-301F-11D3-BF4B-00C04F79EFBC}") = "CountSpacesInFiles", "CountSpacesInFiles\CountSpacesInFiles.csproj", "{FCAED2E4-F06B-4496-A020-6234BF4B0527}"
EndProject
Global
	GlobalSection(SolutionConfigurationPlatforms) = preSolution
		Debug|Any CPU = Debug|Any CPU
		Release|Any CPU = Release|Any CPU
	EndGlobalSection
	GlobalSection(ProjectConfigurationPlatforms) = postSolution
		{FCAED2E4-F06B-4496-A020-6234BF4B0527}.Debug|Any CPU.ActiveCfg = Debug|Any CPU
		{FCAED2E4-F06B-4496-A020-6234BF4B0527}.Debug|Any CPU.Build.0 = Debug|Any CPU
		{FCAED2E4-F06B-4496-A020-6234BF4B0527}.Release|Any CPU.ActiveCfg = Release|Any CPU
		{FCAED2E4-F06B-4496-A020-6234BF4B0527}.Release|Any CPU.Build.0 = Release|Any CPU
	EndGlobalSection
	GlobalSection(SolutionProperties) = preSolution
		HideSolutionNode = FALSE
	EndGlobalSection
	GlobalSection(ExtensibilityGlobals) = postSolution
		SolutionGuid = {C3CB8F87-5681-4D3E-BE0C-6F9F64CE5EEE}
	EndGlobalSection
EndGlobal
